// !$*UTF8*$!
{
	archiveVersion = 1;
	classes = {
	};
	objectVersion = 56;
	objects = {

/* Begin PBXBuildFile section */
		154141FD299BDE83000F2912 /* AppDelegate.swift in Sources */ = {isa = PBXBuildFile; fileRef = 154141FC299BDE83000F2912 /* AppDelegate.swift */; };
		154141FF299BDE83000F2912 /* SceneDelegate.swift in Sources */ = {isa = PBXBuildFile; fileRef = 154141FE299BDE83000F2912 /* SceneDelegate.swift */; };
		15414204299BDE84000F2912 /* Main.storyboard in Resources */ = {isa = PBXBuildFile; fileRef = 15414202299BDE84000F2912 /* Main.storyboard */; };
		15414206299BDE8A000F2912 /* Assets.xcassets in Resources */ = {isa = PBXBuildFile; fileRef = 15414205299BDE8A000F2912 /* Assets.xcassets */; };
		15414209299BDE8A000F2912 /* LaunchScreen.storyboard in Resources */ = {isa = PBXBuildFile; fileRef = 15414207299BDE8A000F2912 /* LaunchScreen.storyboard */; };
		1541421E299BE2CD000F2912 /* Product.swift in Sources */ = {isa = PBXBuildFile; fileRef = 1541421D299BE2CD000F2912 /* Product.swift */; };
		15414220299BE376000F2912 /* APIManager.swift in Sources */ = {isa = PBXBuildFile; fileRef = 1541421F299BE376000F2912 /* APIManager.swift */; };
		15414222299BE8C1000F2912 /* Constants.swift in Sources */ = {isa = PBXBuildFile; fileRef = 15414221299BE8C1000F2912 /* Constants.swift */; };
		15414224299BEE0A000F2912 /* ProductListViewController.swift in Sources */ = {isa = PBXBuildFile; fileRef = 15414223299BEE0A000F2912 /* ProductListViewController.swift */; };
		15414226299BEEFC000F2912 /* ProductViewModel.swift in Sources */ = {isa = PBXBuildFile; fileRef = 15414225299BEEFC000F2912 /* ProductViewModel.swift */; };
		15CBB00C299BF8A5004AEE34 /* ProductTableViewCell.swift in Sources */ = {isa = PBXBuildFile; fileRef = 15CBB00A299BF8A5004AEE34 /* ProductTableViewCell.swift */; };
		15CBB00D299BF8A5004AEE34 /* ProductTableViewCell.xib in Resources */ = {isa = PBXBuildFile; fileRef = 15CBB00B299BF8A5004AEE34 /* ProductTableViewCell.xib */; };
		15CBB010299C0631004AEE34 /* Kingfisher in Frameworks */ = {isa = PBXBuildFile; productRef = 15CBB00F299C0631004AEE34 /* Kingfisher */; };
		15CBB012299C0669004AEE34 /* UIImageView + Extension.swift in Sources */ = {isa = PBXBuildFile; fileRef = 15CBB011299C0669004AEE34 /* UIImageView + Extension.swift */; };
		15CDC173299C87DC00E6B123 /* EndPointType.swift in Sources */ = {isa = PBXBuildFile; fileRef = 15CDC172299C87DC00E6B123 /* EndPointType.swift */; };
		15DCA1CD299D1D320084E41C /* AddViewController.swift in Sources */ = {isa = PBXBuildFile; fileRef = 15DCA1CC299D1D320084E41C /* AddViewController.swift */; };
		15DCA1CF299D3A790084E41C /* AddProduct.swift in Sources */ = {isa = PBXBuildFile; fileRef = 15DCA1CE299D3A790084E41C /* AddProduct.swift */; };
		15DCA1D1299D3AC10084E41C /* ProductEndPoints.swift in Sources */ = {isa = PBXBuildFile; fileRef = 15DCA1D0299D3AC10084E41C /* ProductEndPoints.swift */; };
/* End PBXBuildFile section */

/* Begin PBXFileReference section */
		154141F9299BDE83000F2912 /* MVVMPattern-eCart.app */ = {isa = PBXFileReference; explicitFileType = wrapper.application; includeInIndex = 0; path = "MVVMPattern-eCart.app"; sourceTree = BUILT_PRODUCTS_DIR; };
		154141FC299BDE83000F2912 /* AppDelegate.swift */ = {isa = PBXFileReference; lastKnownFileType = sourcecode.swift; path = AppDelegate.swift; sourceTree = "<group>"; };
		154141FE299BDE83000F2912 /* SceneDelegate.swift */ = {isa = PBXFileReference; lastKnownFileType = sourcecode.swift; path = SceneDelegate.swift; sourceTree = "<group>"; };
		15414203299BDE84000F2912 /* Base */ = {isa = PBXFileReference; lastKnownFileType = file.storyboard; name = Base; path = Base.lproj/Main.storyboard; sourceTree = "<group>"; };
		15414205299BDE8A000F2912 /* Assets.xcassets */ = {isa = PBXFileReference; lastKnownFileType = folder.assetcatalog; path = Assets.xcassets; sourceTree = "<group>"; };
		15414208299BDE8A000F2912 /* Base */ = {isa = PBXFileReference; lastKnownFileType = file.storyboard; name = Base; path = Base.lproj/LaunchScreen.storyboard; sourceTree = "<group>"; };
		1541420A299BDE8A000F2912 /* Info.plist */ = {isa = PBXFileReference; lastKnownFileType = text.plist.xml; path = Info.plist; sourceTree = "<group>"; };
		1541421D299BE2CD000F2912 /* Product.swift */ = {isa = PBXFileReference; lastKnownFileType = sourcecode.swift; path = Product.swift; sourceTree = "<group>"; };
		1541421F299BE376000F2912 /* APIManager.swift */ = {isa = PBXFileReference; lastKnownFileType = sourcecode.swift; path = APIManager.swift; sourceTree = "<group>"; };
		15414221299BE8C1000F2912 /* Constants.swift */ = {isa = PBXFileReference; lastKnownFileType = sourcecode.swift; path = Constants.swift; sourceTree = "<group>"; };
		15414223299BEE0A000F2912 /* ProductListViewController.swift */ = {isa = PBXFileReference; lastKnownFileType = sourcecode.swift; path = ProductListViewController.swift; sourceTree = "<group>"; };
		15414225299BEEFC000F2912 /* ProductViewModel.swift */ = {isa = PBXFileReference; lastKnownFileType = sourcecode.swift; path = ProductViewModel.swift; sourceTree = "<group>"; };
		15CBB00A299BF8A5004AEE34 /* ProductTableViewCell.swift */ = {isa = PBXFileReference; lastKnownFileType = sourcecode.swift; path = ProductTableViewCell.swift; sourceTree = "<group>"; };
		15CBB00B299BF8A5004AEE34 /* ProductTableViewCell.xib */ = {isa = PBXFileReference; lastKnownFileType = file.xib; path = ProductTableViewCell.xib; sourceTree = "<group>"; };
		15CBB011299C0669004AEE34 /* UIImageView + Extension.swift */ = {isa = PBXFileReference; lastKnownFileType = sourcecode.swift; path = "UIImageView + Extension.swift"; sourceTree = "<group>"; };
		15CDC172299C87DC00E6B123 /* EndPointType.swift */ = {isa = PBXFileReference; lastKnownFileType = sourcecode.swift; path = EndPointType.swift; sourceTree = "<group>"; };
		15DCA1CC299D1D320084E41C /* AddViewController.swift */ = {isa = PBXFileReference; lastKnownFileType = sourcecode.swift; path = AddViewController.swift; sourceTree = "<group>"; };
		15DCA1CE299D3A790084E41C /* AddProduct.swift */ = {isa = PBXFileReference; lastKnownFileType = sourcecode.swift; path = AddProduct.swift; sourceTree = "<group>"; };
		15DCA1D0299D3AC10084E41C /* ProductEndPoints.swift */ = {isa = PBXFileReference; lastKnownFileType = sourcecode.swift; path = ProductEndPoints.swift; sourceTree = "<group>"; };
/* End PBXFileReference section */

/* Begin PBXFrameworksBuildPhase section */
		154141F6299BDE83000F2912 /* Frameworks */ = {
			isa = PBXFrameworksBuildPhase;
			buildActionMask = 2147483647;
			files = (
				15CBB010299C0631004AEE34 /* Kingfisher in Frameworks */,
			);
			runOnlyForDeploymentPostprocessing = 0;
		};
/* End PBXFrameworksBuildPhase section */

/* Begin PBXGroup section */
		154141F0299BDE83000F2912 = {
			isa = PBXGroup;
			children = (
				154141FB299BDE83000F2912 /* MVVMPattern-eCart */,
				154141FA299BDE83000F2912 /* Products */,
			);
			sourceTree = "<group>";
		};
		154141FA299BDE83000F2912 /* Products */ = {
			isa = PBXGroup;
			children = (
				154141F9299BDE83000F2912 /* MVVMPattern-eCart.app */,
			);
			name = Products;
			sourceTree = "<group>";
		};
		154141FB299BDE83000F2912 /* MVVMPattern-eCart */ = {
			isa = PBXGroup;
			children = (
				15414218299BE0D5000F2912 /* Application */,
				15414216299BE0CE000F2912 /* Constatnts */,
				15414217299BE0D2000F2912 /* Extensions */,
				15CDC171299C87C500E6B123 /* Utility */,
				15414215299BE0CB000F2912 /* Helper */,
				15414212299BE0B9000F2912 /* Screens */,
				15414211299BE0B5000F2912 /* Storyboards */,
				15414210299BE0B2000F2912 /* Resources */,
				1541420A299BDE8A000F2912 /* Info.plist */,
			);
			path = "MVVMPattern-eCart";
			sourceTree = "<group>";
		};
		15414210299BE0B2000F2912 /* Resources */ = {
			isa = PBXGroup;
			children = (
				15414205299BDE8A000F2912 /* Assets.xcassets */,
			);
			path = Resources;
			sourceTree = "<group>";
		};
		15414211299BE0B5000F2912 /* Storyboards */ = {
			isa = PBXGroup;
			children = (
				15414202299BDE84000F2912 /* Main.storyboard */,
				15414207299BDE8A000F2912 /* LaunchScreen.storyboard */,
			);
			path = Storyboards;
			sourceTree = "<group>";
		};
		15414212299BE0B9000F2912 /* Screens */ = {
			isa = PBXGroup;
			children = (
				15414219299BE165000F2912 /* Product */,
			);
			path = Screens;
			sourceTree = "<group>";
		};
		15414215299BE0CB000F2912 /* Helper */ = {
			isa = PBXGroup;
			children = (
				1541421F299BE376000F2912 /* APIManager.swift */,
			);
			path = Helper;
			sourceTree = "<group>";
		};
		15414216299BE0CE000F2912 /* Constatnts */ = {
			isa = PBXGroup;
			children = (
				15414221299BE8C1000F2912 /* Constants.swift */,
			);
			path = Constatnts;
			sourceTree = "<group>";
		};
		15414217299BE0D2000F2912 /* Extensions */ = {
			isa = PBXGroup;
			children = (
				15CBB011299C0669004AEE34 /* UIImageView + Extension.swift */,
			);
			path = Extensions;
			sourceTree = "<group>";
		};
		15414218299BE0D5000F2912 /* Application */ = {
			isa = PBXGroup;
			children = (
				154141FC299BDE83000F2912 /* AppDelegate.swift */,
				154141FE299BDE83000F2912 /* SceneDelegate.swift */,
			);
			path = Application;
			sourceTree = "<group>";
		};
		15414219299BE165000F2912 /* Product */ = {
			isa = PBXGroup;
			children = (
				1541421A299BE16D000F2912 /* Model */,
				1541421B299BE175000F2912 /* View */,
				1541421C299BE17F000F2912 /* ViewModel */,
			);
			path = Product;
			sourceTree = "<group>";
		};
		1541421A299BE16D000F2912 /* Model */ = {
			isa = PBXGroup;
			children = (
				1541421D299BE2CD000F2912 /* Product.swift */,
				15DCA1CE299D3A790084E41C /* AddProduct.swift */,
			);
			path = Model;
			sourceTree = "<group>";
		};
		1541421B299BE175000F2912 /* View */ = {
			isa = PBXGroup;
			children = (
				15414223299BEE0A000F2912 /* ProductListViewController.swift */,
				15CBB00A299BF8A5004AEE34 /* ProductTableViewCell.swift */,
				15CBB00B299BF8A5004AEE34 /* ProductTableViewCell.xib */,
				15DCA1CC299D1D320084E41C /* AddViewController.swift */,
			);
			path = View;
			sourceTree = "<group>";
		};
		1541421C299BE17F000F2912 /* ViewModel */ = {
			isa = PBXGroup;
			children = (
				15414225299BEEFC000F2912 /* ProductViewModel.swift */,
			);
			path = ViewModel;
			sourceTree = "<group>";
		};
		15CDC171299C87C500E6B123 /* Utility */ = {
			isa = PBXGroup;
			children = (
				15CDC172299C87DC00E6B123 /* EndPointType.swift */,
				15DCA1D0299D3AC10084E41C /* ProductEndPoints.swift */,
			);
			path = Utility;
			sourceTree = "<group>";
		};
/* End PBXGroup section */

/* Begin PBXNativeTarget section */
		154141F8299BDE83000F2912 /* MVVMPattern-eCart */ = {
			isa = PBXNativeTarget;
			buildConfigurationList = 1541420D299BDE8A000F2912 /* Build configuration list for PBXNativeTarget "MVVMPattern-eCart" */;
			buildPhases = (
				154141F5299BDE83000F2912 /* Sources */,
				154141F6299BDE83000F2912 /* Frameworks */,
				154141F7299BDE83000F2912 /* Resources */,
			);
			buildRules = (
			);
			dependencies = (
			);
			name = "MVVMPattern-eCart";
			packageProductDependencies = (
				15CBB00F299C0631004AEE34 /* Kingfisher */,
			);
			productName = "MVVMPattern-eCart";
			productReference = 154141F9299BDE83000F2912 /* MVVMPattern-eCart.app */;
			productType = "com.apple.product-type.application";
		};
/* End PBXNativeTarget section */

/* Begin PBXProject section */
		154141F1299BDE83000F2912 /* Project object */ = {
			isa = PBXProject;
			attributes = {
				BuildIndependentTargetsInParallel = 1;
				LastSwiftUpdateCheck = 1410;
				LastUpgradeCheck = 1410;
				TargetAttributes = {
					154141F8299BDE83000F2912 = {
						CreatedOnToolsVersion = 14.1;
					};
				};
			};
			buildConfigurationList = 154141F4299BDE83000F2912 /* Build configuration list for PBXProject "MVVMPattern-eCart" */;
			compatibilityVersion = "Xcode 14.0";
			developmentRegion = en;
			hasScannedForEncodings = 0;
			knownRegions = (
				en,
				Base,
			);
			mainGroup = 154141F0299BDE83000F2912;
			packageReferences = (
				15CBB00E299C0631004AEE34 /* XCRemoteSwiftPackageReference "Kingfisher" */,
			);
			productRefGroup = 154141FA299BDE83000F2912 /* Products */;
			projectDirPath = "";
			projectRoot = "";
			targets = (
				154141F8299BDE83000F2912 /* MVVMPattern-eCart */,
			);
		};
/* End PBXProject section */

/* Begin PBXResourcesBuildPhase section */
		154141F7299BDE83000F2912 /* Resources */ = {
			isa = PBXResourcesBuildPhase;
			buildActionMask = 2147483647;
			files = (
				15414209299BDE8A000F2912 /* LaunchScreen.storyboard in Resources */,
				15CBB00D299BF8A5004AEE34 /* ProductTableViewCell.xib in Resources */,
				15414206299BDE8A000F2912 /* Assets.xcassets in Resources */,
				15414204299BDE84000F2912 /* Main.storyboard in Resources */,
			);
			runOnlyForDeploymentPostprocessing = 0;
		};
/* End PBXResourcesBuildPhase section */

/* Begin PBXSourcesBuildPhase section */
		154141F5299BDE83000F2912 /* Sources */ = {
			isa = PBXSourcesBuildPhase;
			buildActionMask = 2147483647;
			files = (
				15CBB012299C0669004AEE34 /* UIImageView + Extension.swift in Sources */,
				15414226299BEEFC000F2912 /* ProductViewModel.swift in Sources */,
				15CBB00C299BF8A5004AEE34 /* ProductTableViewCell.swift in Sources */,
				15DCA1D1299D3AC10084E41C /* ProductEndPoints.swift in Sources */,
				15414222299BE8C1000F2912 /* Constants.swift in Sources */,
				15414220299BE376000F2912 /* APIManager.swift in Sources */,
				15DCA1CF299D3A790084E41C /* AddProduct.swift in Sources */,
				154141FD299BDE83000F2912 /* AppDelegate.swift in Sources */,
				154141FF299BDE83000F2912 /* SceneDelegate.swift in Sources */,
				15414224299BEE0A000F2912 /* ProductListViewController.swift in Sources */,
				15CDC173299C87DC00E6B123 /* EndPointType.swift in Sources */,
				1541421E299BE2CD000F2912 /* Product.swift in Sources */,
				15DCA1CD299D1D320084E41C /* AddViewController.swift in Sources */,
			);
			runOnlyForDeploymentPostprocessing = 0;
		};
/* End PBXSourcesBuildPhase section */

/* Begin PBXVariantGroup section */
		15414202299BDE84000F2912 /* Main.storyboard */ = {
			isa = PBXVariantGroup;
			children = (
				15414203299BDE84000F2912 /* Base */,
			);
			name = Main.storyboard;
			sourceTree = "<group>";
		};
		15414207299BDE8A000F2912 /* LaunchScreen.storyboard */ = {
			isa = PBXVariantGroup;
			children = (
				15414208299BDE8A000F2912 /* Base */,
			);
			name = LaunchScreen.storyboard;
			sourceTree = "<group>";
		};
/* End PBXVariantGroup section */

/* Begin XCBuildConfiguration section */
		1541420B299BDE8A000F2912 /* Debug */ = {
			isa = XCBuildConfiguration;
			buildSettings = {
				ALWAYS_SEARCH_USER_PATHS = NO;
				CLANG_ANALYZER_NONNULL = YES;
				CLANG_ANALYZER_NUMBER_OBJECT_CONVERSION = YES_AGGRESSIVE;
				CLANG_CXX_LANGUAGE_STANDARD = "gnu++20";
				CLANG_ENABLE_MODULES = YES;
				CLANG_ENABLE_OBJC_ARC = YES;
				CLANG_ENABLE_OBJC_WEAK = YES;
				CLANG_WARN_BLOCK_CAPTURE_AUTORELEASING = YES;
				CLANG_WARN_BOOL_CONVERSION = YES;
				CLANG_WARN_COMMA = YES;
				CLANG_WARN_CONSTANT_CONVERSION = YES;
				CLANG_WARN_DEPRECATED_OBJC_IMPLEMENTATIONS = YES;
				CLANG_WARN_DIRECT_OBJC_ISA_USAGE = YES_ERROR;
				CLANG_WARN_DOCUMENTATION_COMMENTS = YES;
				CLANG_WARN_EMPTY_BODY = YES;
				CLANG_WARN_ENUM_CONVERSION = YES;
				CLANG_WARN_INFINITE_RECURSION = YES;
				CLANG_WARN_INT_CONVERSION = YES;
				CLANG_WARN_NON_LITERAL_NULL_CONVERSION = YES;
				CLANG_WARN_OBJC_IMPLICIT_RETAIN_SELF = YES;
				CLANG_WARN_OBJC_LITERAL_CONVERSION = YES;
				CLANG_WARN_OBJC_ROOT_CLASS = YES_ERROR;
				CLANG_WARN_QUOTED_INCLUDE_IN_FRAMEWORK_HEADER = YES;
				CLANG_WARN_RANGE_LOOP_ANALYSIS = YES;
				CLANG_WARN_STRICT_PROTOTYPES = YES;
				CLANG_WARN_SUSPICIOUS_MOVE = YES;
				CLANG_WARN_UNGUARDED_AVAILABILITY = YES_AGGRESSIVE;
				CLANG_WARN_UNREACHABLE_CODE = YES;
				CLANG_WARN__DUPLICATE_METHOD_MATCH = YES;
				COPY_PHASE_STRIP = NO;
				DEBUG_INFORMATION_FORMAT = dwarf;
				ENABLE_STRICT_OBJC_MSGSEND = YES;
				ENABLE_TESTABILITY = YES;
				GCC_C_LANGUAGE_STANDARD = gnu11;
				GCC_DYNAMIC_NO_PIC = NO;
				GCC_NO_COMMON_BLOCKS = YES;
				GCC_OPTIMIZATION_LEVEL = 0;
				GCC_PREPROCESSOR_DEFINITIONS = (
					"DEBUG=1",
					"$(inherited)",
				);
				GCC_WARN_64_TO_32_BIT_CONVERSION = YES;
				GCC_WARN_ABOUT_RETURN_TYPE = YES_ERROR;
				GCC_WARN_UNDECLARED_SELECTOR = YES;
				GCC_WARN_UNINITIALIZED_AUTOS = YES_AGGRESSIVE;
				GCC_WARN_UNUSED_FUNCTION = YES;
				GCC_WARN_UNUSED_VARIABLE = YES;
				IPHONEOS_DEPLOYMENT_TARGET = 16.1;
				MTL_ENABLE_DEBUG_INFO = INCLUDE_SOURCE;
				MTL_FAST_MATH = YES;
				ONLY_ACTIVE_ARCH = YES;
				SDKROOT = iphoneos;
				SWIFT_ACTIVE_COMPILATION_CONDITIONS = DEBUG;
				SWIFT_OPTIMIZATION_LEVEL = "-Onone";
			};
			name = Debug;
		};
		1541420C299BDE8A000F2912 /* Release */ = {
			isa = XCBuildConfiguration;
			buildSettings = {
				ALWAYS_SEARCH_USER_PATHS = NO;
				CLANG_ANALYZER_NONNULL = YES;
				CLANG_ANALYZER_NUMBER_OBJECT_CONVERSION = YES_AGGRESSIVE;
				CLANG_CXX_LANGUAGE_STANDARD = "gnu++20";
				CLANG_ENABLE_MODULES = YES;
				CLANG_ENABLE_OBJC_ARC = YES;
				CLANG_ENABLE_OBJC_WEAK = YES;
				CLANG_WARN_BLOCK_CAPTURE_AUTORELEASING = YES;
				CLANG_WARN_BOOL_CONVERSION = YES;
				CLANG_WARN_COMMA = YES;
				CLANG_WARN_CONSTANT_CONVERSION = YES;
				CLANG_WARN_DEPRECATED_OBJC_IMPLEMENTATIONS = YES;
				CLANG_WARN_DIRECT_OBJC_ISA_USAGE = YES_ERROR;
				CLANG_WARN_DOCUMENTATION_COMMENTS = YES;
				CLANG_WARN_EMPTY_BODY = YES;
				CLANG_WARN_ENUM_CONVERSION = YES;
				CLANG_WARN_INFINITE_RECURSION = YES;
				CLANG_WARN_INT_CONVERSION = YES;
				CLANG_WARN_NON_LITERAL_NULL_CONVERSION = YES;
				CLANG_WARN_OBJC_IMPLICIT_RETAIN_SELF = YES;
				CLANG_WARN_OBJC_LITERAL_CONVERSION = YES;
				CLANG_WARN_OBJC_ROOT_CLASS = YES_ERROR;
				CLANG_WARN_QUOTED_INCLUDE_IN_FRAMEWORK_HEADER = YES;
				CLANG_WARN_RANGE_LOOP_ANALYSIS = YES;
				CLANG_WARN_STRICT_PROTOTYPES = YES;
				CLANG_WARN_SUSPICIOUS_MOVE = YES;
				CLANG_WARN_UNGUARDED_AVAILABILITY = YES_AGGRESSIVE;
				CLANG_WARN_UNREACHABLE_CODE = YES;
				CLANG_WARN__DUPLICATE_METHOD_MATCH = YES;
				COPY_PHASE_STRIP = NO;
				DEBUG_INFORMATION_FORMAT = "dwarf-with-dsym";
				ENABLE_NS_ASSERTIONS = NO;
				ENABLE_STRICT_OBJC_MSGSEND = YES;
				GCC_C_LANGUAGE_STANDARD = gnu11;
				GCC_NO_COMMON_BLOCKS = YES;
				GCC_WARN_64_TO_32_BIT_CONVERSION = YES;
				GCC_WARN_ABOUT_RETURN_TYPE = YES_ERROR;
				GCC_WARN_UNDECLARED_SELECTOR = YES;
				GCC_WARN_UNINITIALIZED_AUTOS = YES_AGGRESSIVE;
				GCC_WARN_UNUSED_FUNCTION = YES;
				GCC_WARN_UNUSED_VARIABLE = YES;
				IPHONEOS_DEPLOYMENT_TARGET = 16.1;
				MTL_ENABLE_DEBUG_INFO = NO;
				MTL_FAST_MATH = YES;
				SDKROOT = iphoneos;
				SWIFT_COMPILATION_MODE = wholemodule;
				SWIFT_OPTIMIZATION_LEVEL = "-O";
				VALIDATE_PRODUCT = YES;
			};
			name = Release;
		};
		1541420E299BDE8A000F2912 /* Debug */ = {
			isa = XCBuildConfiguration;
			buildSettings = {
				ASSETCATALOG_COMPILER_APPICON_NAME = AppIcon;
				ASSETCATALOG_COMPILER_GLOBAL_ACCENT_COLOR_NAME = AccentColor;
				CODE_SIGN_STYLE = Automatic;
				CURRENT_PROJECT_VERSION = 1;
				DEVELOPMENT_TEAM = K4K55XNXA6;
				GENERATE_INFOPLIST_FILE = YES;
				INFOPLIST_FILE = "MVVMPattern-eCart/Info.plist";
				INFOPLIST_KEY_UIApplicationSupportsIndirectInputEvents = YES;
				INFOPLIST_KEY_UILaunchStoryboardName = LaunchScreen;
				INFOPLIST_KEY_UIMainStoryboardFile = Main;
				INFOPLIST_KEY_UISupportedInterfaceOrientations_iPad = "UIInterfaceOrientationPortrait UIInterfaceOrientationPortraitUpsideDown UIInterfaceOrientationLandscapeLeft UIInterfaceOrientationLandscapeRight";
				INFOPLIST_KEY_UISupportedInterfaceOrientations_iPhone = "UIInterfaceOrientationPortrait UIInterfaceOrientationLandscapeLeft UIInterfaceOrientationLandscapeRight";
				LD_RUNPATH_SEARCH_PATHS = (
					"$(inherited)",
					"@executable_path/Frameworks",
				);
				MARKETING_VERSION = 1.0;
				PRODUCT_BUNDLE_IDENTIFIER = "com.example.MVVMPattern-eCart";
				PRODUCT_NAME = "$(TARGET_NAME)";
				SWIFT_EMIT_LOC_STRINGS = YES;
				SWIFT_VERSION = 5.0;
				TARGETED_DEVICE_FAMILY = "1,2";
			};
			name = Debug;
		};
		1541420F299BDE8A000F2912 /* Release */ = {
			isa = XCBuildConfiguration;
			buildSettings = {
				ASSETCATALOG_COMPILER_APPICON_NAME = AppIcon;
				ASSETCATALOG_COMPILER_GLOBAL_ACCENT_COLOR_NAME = AccentColor;
				CODE_SIGN_STYLE = Automatic;
				CURRENT_PROJECT_VERSION = 1;
				DEVELOPMENT_TEAM = K4K55XNXA6;
				GENERATE_INFOPLIST_FILE = YES;
				INFOPLIST_FILE = "MVVMPattern-eCart/Info.plist";
				INFOPLIST_KEY_UIApplicationSupportsIndirectInputEvents = YES;
				INFOPLIST_KEY_UILaunchStoryboardName = LaunchScreen;
				INFOPLIST_KEY_UIMainStoryboardFile = Main;
				INFOPLIST_KEY_UISupportedInterfaceOrientations_iPad = "UIInterfaceOrientationPortrait UIInterfaceOrientationPortraitUpsideDown UIInterfaceOrientationLandscapeLeft UIInterfaceOrientationLandscapeRight";
				INFOPLIST_KEY_UISupportedInterfaceOrientations_iPhone = "UIInterfaceOrientationPortrait UIInterfaceOrientationLandscapeLeft UIInterfaceOrientationLandscapeRight";
				LD_RUNPATH_SEARCH_PATHS = (
					"$(inherited)",
					"@executable_path/Frameworks",
				);
				MARKETING_VERSION = 1.0;
				PRODUCT_BUNDLE_IDENTIFIER = "com.example.MVVMPattern-eCart";
				PRODUCT_NAME = "$(TARGET_NAME)";
				SWIFT_EMIT_LOC_STRINGS = YES;
				SWIFT_VERSION = 5.0;
				TARGETED_DEVICE_FAMILY = "1,2";
			};
			name = Release;
		};
/* End XCBuildConfiguration section */

/* Begin XCConfigurationList section */
		154141F4299BDE83000F2912 /* Build configuration list for PBXProject "MVVMPattern-eCart" */ = {
			isa = XCConfigurationList;
			buildConfigurations = (
				1541420B299BDE8A000F2912 /* Debug */,
				1541420C299BDE8A000F2912 /* Release */,
			);
			defaultConfigurationIsVisible = 0;
			defaultConfigurationName = Release;
		};
		1541420D299BDE8A000F2912 /* Build configuration list for PBXNativeTarget "MVVMPattern-eCart" */ = {
			isa = XCConfigurationList;
			buildConfigurations = (
				1541420E299BDE8A000F2912 /* Debug */,
				1541420F299BDE8A000F2912 /* Release */,
			);
			defaultConfigurationIsVisible = 0;
			defaultConfigurationName = Release;
		};
/* End XCConfigurationList section */

/* Begin XCRemoteSwiftPackageReference section */
		15CBB00E299C0631004AEE34 /* XCRemoteSwiftPackageReference "Kingfisher" */ = {
			isa = XCRemoteSwiftPackageReference;
			repositoryURL = "https://github.com/onevcat/Kingfisher.git";
			requirement = {
				kind = upToNextMajorVersion;
				minimumVersion = 7.0.0;
			};
		};
/* End XCRemoteSwiftPackageReference section */

/* Begin XCSwiftPackageProductDependency section */
		15CBB00F299C0631004AEE34 /* Kingfisher */ = {
			isa = XCSwiftPackageProductDependency;
			package = 15CBB00E299C0631004AEE34 /* XCRemoteSwiftPackageReference "Kingfisher" */;
			productName = Kingfisher;
		};
/* End XCSwiftPackageProductDependency section */
	};
	rootObject = 154141F1299BDE83000F2912 /* Project object */;
}
